
Microsoft Visual Studio Solution File, Format Version 12.00
# Visual Studio 15
VisualStudioVersion = 15.0.27703.2035
MinimumVisualStudioVersion = 10.0.40219.1
Project("{FAE04EC0-301F-11D3-BF4B-00C04F79EFBC}") = "Sandbox", "Sandbox\Sandbox.csproj", "{9AA27BCF-A452-46C1-BF92-692CB0634AAF}"
EndProject
Project("{FAE04EC0-301F-11D3-BF4B-00C04F79EFBC}") = "Sandbox.Testing", "Sandbox.Testing\Sandbox.Testing.csproj", "{2468291B-B827-44B7-8202-527048B4A426}"
EndProject
Global
	GlobalSection(SolutionConfigurationPlatforms) = preSolution
		Debug|Any CPU = Debug|Any CPU
		Release|Any CPU = Release|Any CPU
	EndGlobalSection
	GlobalSection(ProjectConfigurationPlatforms) = postSolution
		{9AA27BCF-A452-46C1-BF92-692CB0634AAF}.Debug|Any CPU.ActiveCfg = Debug|Any CPU
		{9AA27BCF-A452-46C1-BF92-692CB0634AAF}.Debug|Any CPU.Build.0 = Debug|Any CPU
		{9AA27BCF-A452-46C1-BF92-692CB0634AAF}.Release|Any CPU.ActiveCfg = Release|Any CPU
		{9AA27BCF-A452-46C1-BF92-692CB0634AAF}.Release|Any CPU.Build.0 = Release|Any CPU
		{2468291B-B827-44B7-8202-527048B4A426}.Debug|Any CPU.ActiveCfg = Debug|Any CPU
		{2468291B-B827-44B7-8202-527048B4A426}.Debug|Any CPU.Build.0 = Debug|Any CPU
		{2468291B-B827-44B7-8202-527048B4A426}.Release|Any CPU.ActiveCfg = Release|Any CPU
		{2468291B-B827-44B7-8202-527048B4A426}.Release|Any CPU.Build.0 = Release|Any CPU
	EndGlobalSection
	GlobalSection(SolutionProperties) = preSolution
		HideSolutionNode = FALSE
	EndGlobalSection
	GlobalSection(ExtensibilityGlobals) = postSolution
		SolutionGuid = {553E790B-1AE1-48A1-B19D-290EEB246251}
	EndGlobalSection
EndGlobal
