
Microsoft Visual Studio Solution File, Format Version 12.00
# Visual Studio Version 16
VisualStudioVersion = 16.0.30320.27
MinimumVisualStudioVersion = 10.0.40219.1
Project("{9A19103F-16F7-4668-BE54-9A1E7A4F7556}") = "Sandbox.Dapper.API", "Sandbox.Dapper.API\Sandbox.Dapper.API.csproj", "{351D8C57-3AD0-4247-A91D-AB582441E8D0}"
EndProject
Project("{9A19103F-16F7-4668-BE54-9A1E7A4F7556}") = "Sandbox.Dapper.Core", "Sandbox.Dapper.Core\Sandbox.Dapper.Core.csproj", "{D4A9B964-32EE-4072-B784-5F8E1E00832B}"
EndProject
Project("{9A19103F-16F7-4668-BE54-9A1E7A4F7556}") = "Sandbox.Dapper.Framework", "Sandbox.Dapper.Framework\Sandbox.Dapper.Framework.csproj", "{910DFB94-E32E-4146-A25F-5E4D21D96E6B}"
EndProject
Project("{9A19103F-16F7-4668-BE54-9A1E7A4F7556}") = "Sandbox.Dapper.Infrastructure", "Sandbox.Dapper.Infrastructure\Sandbox.Dapper.Infrastructure.csproj", "{3C9A218A-9055-4F60-8E64-3EF19EEA7568}"
EndProject
Project("{9A19103F-16F7-4668-BE54-9A1E7A4F7556}") = "Sandbox.Worker", "Sandbox.Worker\Sandbox.Worker.csproj", "{F4791E91-0D28-410D-A441-BB7CE82F585B}"
EndProject
Project("{9A19103F-16F7-4668-BE54-9A1E7A4F7556}") = "Sandbox.Testing.xUnit", "Sandbox.Testing.xUnit\Sandbox.Testing.xUnit.csproj", "{FBAD1ABA-BBE4-426E-B53B-9FFED46BE779}"
EndProject
Project("{9A19103F-16F7-4668-BE54-9A1E7A4F7556}") = "Sandbox.Testing", "Sandbox.Testing\Sandbox.Testing.csproj", "{0A1F6CBD-B0D6-4245-AAC3-DC606EA3E9E9}"
EndProject
Project("{9A19103F-16F7-4668-BE54-9A1E7A4F7556}") = "Sandbox.ConsoleApp", "Sandbox.ConsoleApp\Sandbox.ConsoleApp.csproj", "{3E1E5F7D-52CC-4A5B-9275-BB00622405C6}"
EndProject
Project("{9A19103F-16F7-4668-BE54-9A1E7A4F7556}") = "Sandbox.AsyncAwait", "Sandbox.AsyncAwait\Sandbox.AsyncAwait.csproj", "{5A50404A-37B1-4946-B0F2-6706DA0EFB7D}"
EndProject
Project("{9A19103F-16F7-4668-BE54-9A1E7A4F7556}") = "Sandbox.SharePoint", "Sandbox.SharePoint\Sandbox.SharePoint.csproj", "{FEEB0788-12B8-4F54-9867-D9C4B5DD838F}"
EndProject
Project("{9A19103F-16F7-4668-BE54-9A1E7A4F7556}") = "Sandbox.RealtimeConsole", "Sandbox.RealtimeConsole\Sandbox.RealtimeConsole.csproj", "{28959C01-A721-4D39-B90D-AD19CFD9AE67}"
EndProject
Project("{9A19103F-16F7-4668-BE54-9A1E7A4F7556}") = "Sandbox.RealtimeConsole.API", "Sandbox.RealtimeConsole.API\Sandbox.RealtimeConsole.API.csproj", "{8C3FE47B-85AF-4DA7-AED4-35FC8A8CB751}"
EndProject
Project("{930C7802-8A8C-48F9-8165-68863BCCD9DD}") = "Sandbox.RealtimeConsole.Installer", "Sandbox.RealtimeConsole.Installer\Sandbox.RealtimeConsole.Installer.wixproj", "{4EEFC494-75BB-464D-BE23-ACC34510EF62}"
EndProject
Project("{9A19103F-16F7-4668-BE54-9A1E7A4F7556}") = "Sandbox.Auth.AzureAD.API", "Sandbox.Auth.AzureAD.API\Sandbox.Auth.AzureAD.API.csproj", "{7C4F731D-3C3C-4D63-9304-C637B007337B}"
EndProject
Project("{9A19103F-16F7-4668-BE54-9A1E7A4F7556}") = "Sandbox.SimpleDDD", "Sandbox.SimpleDDD\Sandbox.SimpleDDD.csproj", "{F4E34A4E-D08C-47EE-92D3-D28C8E4CD7E2}"
EndProject
Project("{FAE04EC0-301F-11D3-BF4B-00C04F79EFBC}") = "Sandbox.Mediatr.API", "Sandbox.Mediatr.API\Sandbox.Mediatr.API.csproj", "{79CE9758-B229-4FAB-9E0F-31A225C5BC4E}"
EndProject
Global
	GlobalSection(SolutionConfigurationPlatforms) = preSolution
		Debug|Any CPU = Debug|Any CPU
		Debug|x86 = Debug|x86
		Release|Any CPU = Release|Any CPU
		Release|x86 = Release|x86
	EndGlobalSection
	GlobalSection(ProjectConfigurationPlatforms) = postSolution
		{351D8C57-3AD0-4247-A91D-AB582441E8D0}.Debug|Any CPU.ActiveCfg = Debug|Any CPU
		{351D8C57-3AD0-4247-A91D-AB582441E8D0}.Debug|Any CPU.Build.0 = Debug|Any CPU
		{351D8C57-3AD0-4247-A91D-AB582441E8D0}.Debug|x86.ActiveCfg = Debug|Any CPU
		{351D8C57-3AD0-4247-A91D-AB582441E8D0}.Debug|x86.Build.0 = Debug|Any CPU
		{351D8C57-3AD0-4247-A91D-AB582441E8D0}.Release|Any CPU.ActiveCfg = Release|Any CPU
		{351D8C57-3AD0-4247-A91D-AB582441E8D0}.Release|Any CPU.Build.0 = Release|Any CPU
		{351D8C57-3AD0-4247-A91D-AB582441E8D0}.Release|x86.ActiveCfg = Release|Any CPU
		{351D8C57-3AD0-4247-A91D-AB582441E8D0}.Release|x86.Build.0 = Release|Any CPU
		{D4A9B964-32EE-4072-B784-5F8E1E00832B}.Debug|Any CPU.ActiveCfg = Debug|Any CPU
		{D4A9B964-32EE-4072-B784-5F8E1E00832B}.Debug|Any CPU.Build.0 = Debug|Any CPU
		{D4A9B964-32EE-4072-B784-5F8E1E00832B}.Debug|x86.ActiveCfg = Debug|Any CPU
		{D4A9B964-32EE-4072-B784-5F8E1E00832B}.Debug|x86.Build.0 = Debug|Any CPU
		{D4A9B964-32EE-4072-B784-5F8E1E00832B}.Release|Any CPU.ActiveCfg = Release|Any CPU
		{D4A9B964-32EE-4072-B784-5F8E1E00832B}.Release|Any CPU.Build.0 = Release|Any CPU
		{D4A9B964-32EE-4072-B784-5F8E1E00832B}.Release|x86.ActiveCfg = Release|Any CPU
		{D4A9B964-32EE-4072-B784-5F8E1E00832B}.Release|x86.Build.0 = Release|Any CPU
		{910DFB94-E32E-4146-A25F-5E4D21D96E6B}.Debug|Any CPU.ActiveCfg = Debug|Any CPU
		{910DFB94-E32E-4146-A25F-5E4D21D96E6B}.Debug|Any CPU.Build.0 = Debug|Any CPU
		{910DFB94-E32E-4146-A25F-5E4D21D96E6B}.Debug|x86.ActiveCfg = Debug|Any CPU
		{910DFB94-E32E-4146-A25F-5E4D21D96E6B}.Debug|x86.Build.0 = Debug|Any CPU
		{910DFB94-E32E-4146-A25F-5E4D21D96E6B}.Release|Any CPU.ActiveCfg = Release|Any CPU
		{910DFB94-E32E-4146-A25F-5E4D21D96E6B}.Release|Any CPU.Build.0 = Release|Any CPU
		{910DFB94-E32E-4146-A25F-5E4D21D96E6B}.Release|x86.ActiveCfg = Release|Any CPU
		{910DFB94-E32E-4146-A25F-5E4D21D96E6B}.Release|x86.Build.0 = Release|Any CPU
		{3C9A218A-9055-4F60-8E64-3EF19EEA7568}.Debug|Any CPU.ActiveCfg = Debug|Any CPU
		{3C9A218A-9055-4F60-8E64-3EF19EEA7568}.Debug|Any CPU.Build.0 = Debug|Any CPU
		{3C9A218A-9055-4F60-8E64-3EF19EEA7568}.Debug|x86.ActiveCfg = Debug|Any CPU
		{3C9A218A-9055-4F60-8E64-3EF19EEA7568}.Debug|x86.Build.0 = Debug|Any CPU
		{3C9A218A-9055-4F60-8E64-3EF19EEA7568}.Release|Any CPU.ActiveCfg = Release|Any CPU
		{3C9A218A-9055-4F60-8E64-3EF19EEA7568}.Release|Any CPU.Build.0 = Release|Any CPU
		{3C9A218A-9055-4F60-8E64-3EF19EEA7568}.Release|x86.ActiveCfg = Release|Any CPU
		{3C9A218A-9055-4F60-8E64-3EF19EEA7568}.Release|x86.Build.0 = Release|Any CPU
		{F4791E91-0D28-410D-A441-BB7CE82F585B}.Debug|Any CPU.ActiveCfg = Debug|Any CPU
		{F4791E91-0D28-410D-A441-BB7CE82F585B}.Debug|Any CPU.Build.0 = Debug|Any CPU
		{F4791E91-0D28-410D-A441-BB7CE82F585B}.Debug|x86.ActiveCfg = Debug|Any CPU
		{F4791E91-0D28-410D-A441-BB7CE82F585B}.Debug|x86.Build.0 = Debug|Any CPU
		{F4791E91-0D28-410D-A441-BB7CE82F585B}.Release|Any CPU.ActiveCfg = Release|Any CPU
		{F4791E91-0D28-410D-A441-BB7CE82F585B}.Release|Any CPU.Build.0 = Release|Any CPU
		{F4791E91-0D28-410D-A441-BB7CE82F585B}.Release|x86.ActiveCfg = Release|Any CPU
		{F4791E91-0D28-410D-A441-BB7CE82F585B}.Release|x86.Build.0 = Release|Any CPU
		{FBAD1ABA-BBE4-426E-B53B-9FFED46BE779}.Debug|Any CPU.ActiveCfg = Debug|Any CPU
		{FBAD1ABA-BBE4-426E-B53B-9FFED46BE779}.Debug|Any CPU.Build.0 = Debug|Any CPU
		{FBAD1ABA-BBE4-426E-B53B-9FFED46BE779}.Debug|x86.ActiveCfg = Debug|Any CPU
		{FBAD1ABA-BBE4-426E-B53B-9FFED46BE779}.Debug|x86.Build.0 = Debug|Any CPU
		{FBAD1ABA-BBE4-426E-B53B-9FFED46BE779}.Release|Any CPU.ActiveCfg = Release|Any CPU
		{FBAD1ABA-BBE4-426E-B53B-9FFED46BE779}.Release|Any CPU.Build.0 = Release|Any CPU
		{FBAD1ABA-BBE4-426E-B53B-9FFED46BE779}.Release|x86.ActiveCfg = Release|Any CPU
		{FBAD1ABA-BBE4-426E-B53B-9FFED46BE779}.Release|x86.Build.0 = Release|Any CPU
		{0A1F6CBD-B0D6-4245-AAC3-DC606EA3E9E9}.Debug|Any CPU.ActiveCfg = Debug|Any CPU
		{0A1F6CBD-B0D6-4245-AAC3-DC606EA3E9E9}.Debug|Any CPU.Build.0 = Debug|Any CPU
		{0A1F6CBD-B0D6-4245-AAC3-DC606EA3E9E9}.Debug|x86.ActiveCfg = Debug|Any CPU
		{0A1F6CBD-B0D6-4245-AAC3-DC606EA3E9E9}.Debug|x86.Build.0 = Debug|Any CPU
		{0A1F6CBD-B0D6-4245-AAC3-DC606EA3E9E9}.Release|Any CPU.ActiveCfg = Release|Any CPU
		{0A1F6CBD-B0D6-4245-AAC3-DC606EA3E9E9}.Release|Any CPU.Build.0 = Release|Any CPU
		{0A1F6CBD-B0D6-4245-AAC3-DC606EA3E9E9}.Release|x86.ActiveCfg = Release|Any CPU
		{0A1F6CBD-B0D6-4245-AAC3-DC606EA3E9E9}.Release|x86.Build.0 = Release|Any CPU
		{3E1E5F7D-52CC-4A5B-9275-BB00622405C6}.Debug|Any CPU.ActiveCfg = Debug|Any CPU
		{3E1E5F7D-52CC-4A5B-9275-BB00622405C6}.Debug|Any CPU.Build.0 = Debug|Any CPU
		{3E1E5F7D-52CC-4A5B-9275-BB00622405C6}.Debug|x86.ActiveCfg = Debug|Any CPU
		{3E1E5F7D-52CC-4A5B-9275-BB00622405C6}.Debug|x86.Build.0 = Debug|Any CPU
		{3E1E5F7D-52CC-4A5B-9275-BB00622405C6}.Release|Any CPU.ActiveCfg = Release|Any CPU
		{3E1E5F7D-52CC-4A5B-9275-BB00622405C6}.Release|Any CPU.Build.0 = Release|Any CPU
		{3E1E5F7D-52CC-4A5B-9275-BB00622405C6}.Release|x86.ActiveCfg = Release|Any CPU
		{3E1E5F7D-52CC-4A5B-9275-BB00622405C6}.Release|x86.Build.0 = Release|Any CPU
		{5A50404A-37B1-4946-B0F2-6706DA0EFB7D}.Debug|Any CPU.ActiveCfg = Debug|Any CPU
		{5A50404A-37B1-4946-B0F2-6706DA0EFB7D}.Debug|Any CPU.Build.0 = Debug|Any CPU
		{5A50404A-37B1-4946-B0F2-6706DA0EFB7D}.Debug|x86.ActiveCfg = Debug|Any CPU
		{5A50404A-37B1-4946-B0F2-6706DA0EFB7D}.Debug|x86.Build.0 = Debug|Any CPU
		{5A50404A-37B1-4946-B0F2-6706DA0EFB7D}.Release|Any CPU.ActiveCfg = Release|Any CPU
		{5A50404A-37B1-4946-B0F2-6706DA0EFB7D}.Release|Any CPU.Build.0 = Release|Any CPU
		{5A50404A-37B1-4946-B0F2-6706DA0EFB7D}.Release|x86.ActiveCfg = Release|Any CPU
		{5A50404A-37B1-4946-B0F2-6706DA0EFB7D}.Release|x86.Build.0 = Release|Any CPU
		{FEEB0788-12B8-4F54-9867-D9C4B5DD838F}.Debug|Any CPU.ActiveCfg = Debug|Any CPU
		{FEEB0788-12B8-4F54-9867-D9C4B5DD838F}.Debug|Any CPU.Build.0 = Debug|Any CPU
		{FEEB0788-12B8-4F54-9867-D9C4B5DD838F}.Debug|x86.ActiveCfg = Debug|Any CPU
		{FEEB0788-12B8-4F54-9867-D9C4B5DD838F}.Debug|x86.Build.0 = Debug|Any CPU
		{FEEB0788-12B8-4F54-9867-D9C4B5DD838F}.Release|Any CPU.ActiveCfg = Release|Any CPU
		{FEEB0788-12B8-4F54-9867-D9C4B5DD838F}.Release|Any CPU.Build.0 = Release|Any CPU
		{FEEB0788-12B8-4F54-9867-D9C4B5DD838F}.Release|x86.ActiveCfg = Release|Any CPU
		{FEEB0788-12B8-4F54-9867-D9C4B5DD838F}.Release|x86.Build.0 = Release|Any CPU
		{28959C01-A721-4D39-B90D-AD19CFD9AE67}.Debug|Any CPU.ActiveCfg = Debug|Any CPU
		{28959C01-A721-4D39-B90D-AD19CFD9AE67}.Debug|Any CPU.Build.0 = Debug|Any CPU
		{28959C01-A721-4D39-B90D-AD19CFD9AE67}.Debug|x86.ActiveCfg = Debug|Any CPU
		{28959C01-A721-4D39-B90D-AD19CFD9AE67}.Debug|x86.Build.0 = Debug|Any CPU
		{28959C01-A721-4D39-B90D-AD19CFD9AE67}.Release|Any CPU.ActiveCfg = Release|Any CPU
		{28959C01-A721-4D39-B90D-AD19CFD9AE67}.Release|Any CPU.Build.0 = Release|Any CPU
		{28959C01-A721-4D39-B90D-AD19CFD9AE67}.Release|x86.ActiveCfg = Release|Any CPU
		{28959C01-A721-4D39-B90D-AD19CFD9AE67}.Release|x86.Build.0 = Release|Any CPU
		{8C3FE47B-85AF-4DA7-AED4-35FC8A8CB751}.Debug|Any CPU.ActiveCfg = Debug|Any CPU
		{8C3FE47B-85AF-4DA7-AED4-35FC8A8CB751}.Debug|Any CPU.Build.0 = Debug|Any CPU
		{8C3FE47B-85AF-4DA7-AED4-35FC8A8CB751}.Debug|x86.ActiveCfg = Debug|Any CPU
		{8C3FE47B-85AF-4DA7-AED4-35FC8A8CB751}.Debug|x86.Build.0 = Debug|Any CPU
		{8C3FE47B-85AF-4DA7-AED4-35FC8A8CB751}.Release|Any CPU.ActiveCfg = Release|Any CPU
		{8C3FE47B-85AF-4DA7-AED4-35FC8A8CB751}.Release|Any CPU.Build.0 = Release|Any CPU
		{8C3FE47B-85AF-4DA7-AED4-35FC8A8CB751}.Release|x86.ActiveCfg = Release|Any CPU
		{8C3FE47B-85AF-4DA7-AED4-35FC8A8CB751}.Release|x86.Build.0 = Release|Any CPU
		{4EEFC494-75BB-464D-BE23-ACC34510EF62}.Debug|Any CPU.ActiveCfg = Debug|x86
		{4EEFC494-75BB-464D-BE23-ACC34510EF62}.Debug|x86.ActiveCfg = Debug|x86
		{4EEFC494-75BB-464D-BE23-ACC34510EF62}.Debug|x86.Build.0 = Debug|x86
		{4EEFC494-75BB-464D-BE23-ACC34510EF62}.Release|Any CPU.ActiveCfg = Release|x86
		{4EEFC494-75BB-464D-BE23-ACC34510EF62}.Release|x86.ActiveCfg = Release|x86
		{4EEFC494-75BB-464D-BE23-ACC34510EF62}.Release|x86.Build.0 = Release|x86
		{7C4F731D-3C3C-4D63-9304-C637B007337B}.Debug|Any CPU.ActiveCfg = Debug|Any CPU
		{7C4F731D-3C3C-4D63-9304-C637B007337B}.Debug|Any CPU.Build.0 = Debug|Any CPU
		{7C4F731D-3C3C-4D63-9304-C637B007337B}.Debug|x86.ActiveCfg = Debug|Any CPU
		{7C4F731D-3C3C-4D63-9304-C637B007337B}.Debug|x86.Build.0 = Debug|Any CPU
		{7C4F731D-3C3C-4D63-9304-C637B007337B}.Release|Any CPU.ActiveCfg = Release|Any CPU
		{7C4F731D-3C3C-4D63-9304-C637B007337B}.Release|Any CPU.Build.0 = Release|Any CPU
		{7C4F731D-3C3C-4D63-9304-C637B007337B}.Release|x86.ActiveCfg = Release|Any CPU
		{7C4F731D-3C3C-4D63-9304-C637B007337B}.Release|x86.Build.0 = Release|Any CPU
		{F4E34A4E-D08C-47EE-92D3-D28C8E4CD7E2}.Debug|Any CPU.ActiveCfg = Debug|Any CPU
		{F4E34A4E-D08C-47EE-92D3-D28C8E4CD7E2}.Debug|Any CPU.Build.0 = Debug|Any CPU
		{F4E34A4E-D08C-47EE-92D3-D28C8E4CD7E2}.Debug|x86.ActiveCfg = Debug|Any CPU
		{F4E34A4E-D08C-47EE-92D3-D28C8E4CD7E2}.Debug|x86.Build.0 = Debug|Any CPU
		{F4E34A4E-D08C-47EE-92D3-D28C8E4CD7E2}.Release|Any CPU.ActiveCfg = Release|Any CPU
		{F4E34A4E-D08C-47EE-92D3-D28C8E4CD7E2}.Release|Any CPU.Build.0 = Release|Any CPU
		{F4E34A4E-D08C-47EE-92D3-D28C8E4CD7E2}.Release|x86.ActiveCfg = Release|Any CPU
		{F4E34A4E-D08C-47EE-92D3-D28C8E4CD7E2}.Release|x86.Build.0 = Release|Any CPU
		{79CE9758-B229-4FAB-9E0F-31A225C5BC4E}.Debug|Any CPU.ActiveCfg = Debug|Any CPU
		{79CE9758-B229-4FAB-9E0F-31A225C5BC4E}.Debug|Any CPU.Build.0 = Debug|Any CPU
		{79CE9758-B229-4FAB-9E0F-31A225C5BC4E}.Debug|x86.ActiveCfg = Debug|Any CPU
		{79CE9758-B229-4FAB-9E0F-31A225C5BC4E}.Debug|x86.Build.0 = Debug|Any CPU
		{79CE9758-B229-4FAB-9E0F-31A225C5BC4E}.Release|Any CPU.ActiveCfg = Release|Any CPU
		{79CE9758-B229-4FAB-9E0F-31A225C5BC4E}.Release|Any CPU.Build.0 = Release|Any CPU
		{79CE9758-B229-4FAB-9E0F-31A225C5BC4E}.Release|x86.ActiveCfg = Release|Any CPU
		{79CE9758-B229-4FAB-9E0F-31A225C5BC4E}.Release|x86.Build.0 = Release|Any CPU
	EndGlobalSection
	GlobalSection(SolutionProperties) = preSolution
		HideSolutionNode = FALSE
	EndGlobalSection
	GlobalSection(ExtensibilityGlobals) = postSolution
		SolutionGuid = {AD5266F4-1AC1-4BFB-A100-BF96AA2BD972}
	EndGlobalSection
EndGlobal
